// !$*UTF8*$!
{
	archiveVersion = 1;
	classes = {
	};
	objectVersion = 56;
	objects = {

/* Begin PBXBuildFile section */
		6FEA464A2B1D33AE006A0D5E /* SwiftThinkingApp.swift in Sources */ = {isa = PBXBuildFile; fileRef = 6FEA46492B1D33AE006A0D5E /* SwiftThinkingApp.swift */; };
		6FEA464C2B1D33AE006A0D5E /* ContentView.swift in Sources */ = {isa = PBXBuildFile; fileRef = 6FEA464B2B1D33AE006A0D5E /* ContentView.swift */; };
		6FEA464E2B1D33AF006A0D5E /* Assets.xcassets in Resources */ = {isa = PBXBuildFile; fileRef = 6FEA464D2B1D33AF006A0D5E /* Assets.xcassets */; };
		6FEA46512B1D33AF006A0D5E /* Preview Assets.xcassets in Resources */ = {isa = PBXBuildFile; fileRef = 6FEA46502B1D33AF006A0D5E /* Preview Assets.xcassets */; };
		6FEA465B2B1D33AF006A0D5E /* SwiftThinkingTests.swift in Sources */ = {isa = PBXBuildFile; fileRef = 6FEA465A2B1D33AF006A0D5E /* SwiftThinkingTests.swift */; };
		6FEA46652B1D33AF006A0D5E /* SwiftThinkingUITests.swift in Sources */ = {isa = PBXBuildFile; fileRef = 6FEA46642B1D33AF006A0D5E /* SwiftThinkingUITests.swift */; };
		6FEA46672B1D33AF006A0D5E /* SwiftThinkingUITestsLaunchTests.swift in Sources */ = {isa = PBXBuildFile; fileRef = 6FEA46662B1D33AF006A0D5E /* SwiftThinkingUITestsLaunchTests.swift */; };
		6FEA46772B1D3913006A0D5E /* KeypathsBootcamp.swift in Sources */ = {isa = PBXBuildFile; fileRef = 6FEA46762B1D3913006A0D5E /* KeypathsBootcamp.swift */; };
		6FEA467A2B1D4138006A0D5E /* PropertyWrapperBootcamp.swift in Sources */ = {isa = PBXBuildFile; fileRef = 6FEA46792B1D4138006A0D5E /* PropertyWrapperBootcamp.swift */; };
/* End PBXBuildFile section */

/* Begin PBXContainerItemProxy section */
		6FEA46572B1D33AF006A0D5E /* PBXContainerItemProxy */ = {
			isa = PBXContainerItemProxy;
			containerPortal = 6FEA463E2B1D33AE006A0D5E /* Project object */;
			proxyType = 1;
			remoteGlobalIDString = 6FEA46452B1D33AE006A0D5E;
			remoteInfo = SwiftThinking;
		};
		6FEA46612B1D33AF006A0D5E /* PBXContainerItemProxy */ = {
			isa = PBXContainerItemProxy;
			containerPortal = 6FEA463E2B1D33AE006A0D5E /* Project object */;
			proxyType = 1;
			remoteGlobalIDString = 6FEA46452B1D33AE006A0D5E;
			remoteInfo = SwiftThinking;
		};
/* End PBXContainerItemProxy section */

/* Begin PBXFileReference section */
		6FEA46462B1D33AE006A0D5E /* SwiftThinking.app */ = {isa = PBXFileReference; explicitFileType = wrapper.application; includeInIndex = 0; path = SwiftThinking.app; sourceTree = BUILT_PRODUCTS_DIR; };
		6FEA46492B1D33AE006A0D5E /* SwiftThinkingApp.swift */ = {isa = PBXFileReference; lastKnownFileType = sourcecode.swift; path = SwiftThinkingApp.swift; sourceTree = "<group>"; };
		6FEA464B2B1D33AE006A0D5E /* ContentView.swift */ = {isa = PBXFileReference; lastKnownFileType = sourcecode.swift; path = ContentView.swift; sourceTree = "<group>"; };
		6FEA464D2B1D33AF006A0D5E /* Assets.xcassets */ = {isa = PBXFileReference; lastKnownFileType = folder.assetcatalog; path = Assets.xcassets; sourceTree = "<group>"; };
		6FEA46502B1D33AF006A0D5E /* Preview Assets.xcassets */ = {isa = PBXFileReference; lastKnownFileType = folder.assetcatalog; path = "Preview Assets.xcassets"; sourceTree = "<group>"; };
		6FEA46562B1D33AF006A0D5E /* SwiftThinkingTests.xctest */ = {isa = PBXFileReference; explicitFileType = wrapper.cfbundle; includeInIndex = 0; path = SwiftThinkingTests.xctest; sourceTree = BUILT_PRODUCTS_DIR; };
		6FEA465A2B1D33AF006A0D5E /* SwiftThinkingTests.swift */ = {isa = PBXFileReference; lastKnownFileType = sourcecode.swift; path = SwiftThinkingTests.swift; sourceTree = "<group>"; };
		6FEA46602B1D33AF006A0D5E /* SwiftThinkingUITests.xctest */ = {isa = PBXFileReference; explicitFileType = wrapper.cfbundle; includeInIndex = 0; path = SwiftThinkingUITests.xctest; sourceTree = BUILT_PRODUCTS_DIR; };
		6FEA46642B1D33AF006A0D5E /* SwiftThinkingUITests.swift */ = {isa = PBXFileReference; lastKnownFileType = sourcecode.swift; path = SwiftThinkingUITests.swift; sourceTree = "<group>"; };
		6FEA46662B1D33AF006A0D5E /* SwiftThinkingUITestsLaunchTests.swift */ = {isa = PBXFileReference; lastKnownFileType = sourcecode.swift; path = SwiftThinkingUITestsLaunchTests.swift; sourceTree = "<group>"; };
		6FEA46762B1D3913006A0D5E /* KeypathsBootcamp.swift */ = {isa = PBXFileReference; lastKnownFileType = sourcecode.swift; path = KeypathsBootcamp.swift; sourceTree = "<group>"; };
		6FEA46792B1D4138006A0D5E /* PropertyWrapperBootcamp.swift */ = {isa = PBXFileReference; lastKnownFileType = sourcecode.swift; path = PropertyWrapperBootcamp.swift; sourceTree = "<group>"; };
/* End PBXFileReference section */

/* Begin PBXFrameworksBuildPhase section */
		6FEA46432B1D33AE006A0D5E /* Frameworks */ = {
			isa = PBXFrameworksBuildPhase;
			buildActionMask = 2147483647;
			files = (
			);
			runOnlyForDeploymentPostprocessing = 0;
		};
		6FEA46532B1D33AF006A0D5E /* Frameworks */ = {
			isa = PBXFrameworksBuildPhase;
			buildActionMask = 2147483647;
			files = (
			);
			runOnlyForDeploymentPostprocessing = 0;
		};
		6FEA465D2B1D33AF006A0D5E /* Frameworks */ = {
			isa = PBXFrameworksBuildPhase;
			buildActionMask = 2147483647;
			files = (
			);
			runOnlyForDeploymentPostprocessing = 0;
		};
/* End PBXFrameworksBuildPhase section */

/* Begin PBXGroup section */
		6FEA463D2B1D33AE006A0D5E = {
			isa = PBXGroup;
			children = (
				6FEA46482B1D33AE006A0D5E /* SwiftThinking */,
				6FEA46592B1D33AF006A0D5E /* SwiftThinkingTests */,
				6FEA46632B1D33AF006A0D5E /* SwiftThinkingUITests */,
				6FEA46472B1D33AE006A0D5E /* Products */,
			);
			sourceTree = "<group>";
		};
		6FEA46472B1D33AE006A0D5E /* Products */ = {
			isa = PBXGroup;
			children = (
				6FEA46462B1D33AE006A0D5E /* SwiftThinking.app */,
				6FEA46562B1D33AF006A0D5E /* SwiftThinkingTests.xctest */,
				6FEA46602B1D33AF006A0D5E /* SwiftThinkingUITests.xctest */,
			);
			name = Products;
			sourceTree = "<group>";
		};
		6FEA46482B1D33AE006A0D5E /* SwiftThinking */ = {
			isa = PBXGroup;
			children = (
				6FEA467B2B1D4211006A0D5E /* Learning */,
				6FEA46492B1D33AE006A0D5E /* SwiftThinkingApp.swift */,
				6FEA464B2B1D33AE006A0D5E /* ContentView.swift */,
				6FEA464D2B1D33AF006A0D5E /* Assets.xcassets */,
				6FEA464F2B1D33AF006A0D5E /* Preview Content */,
			);
			path = SwiftThinking;
			sourceTree = "<group>";
		};
		6FEA464F2B1D33AF006A0D5E /* Preview Content */ = {
			isa = PBXGroup;
			children = (
				6FEA46502B1D33AF006A0D5E /* Preview Assets.xcassets */,
			);
			path = "Preview Content";
			sourceTree = "<group>";
		};
		6FEA46592B1D33AF006A0D5E /* SwiftThinkingTests */ = {
			isa = PBXGroup;
			children = (
				6FEA465A2B1D33AF006A0D5E /* SwiftThinkingTests.swift */,
			);
			path = SwiftThinkingTests;
			sourceTree = "<group>";
		};
		6FEA46632B1D33AF006A0D5E /* SwiftThinkingUITests */ = {
			isa = PBXGroup;
			children = (
				6FEA46642B1D33AF006A0D5E /* SwiftThinkingUITests.swift */,
				6FEA46662B1D33AF006A0D5E /* SwiftThinkingUITestsLaunchTests.swift */,
			);
			path = SwiftThinkingUITests;
			sourceTree = "<group>";
		};
		6FEA467B2B1D4211006A0D5E /* Learning */ = {
			isa = PBXGroup;
			children = (
				6FEA46792B1D4138006A0D5E /* PropertyWrapperBootcamp.swift */,
				6FEA46762B1D3913006A0D5E /* KeypathsBootcamp.swift */,
			);
			path = Learning;
			sourceTree = "<group>";
		};
/* End PBXGroup section */

/* Begin PBXNativeTarget section */
		6FEA46452B1D33AE006A0D5E /* SwiftThinking */ = {
			isa = PBXNativeTarget;
			buildConfigurationList = 6FEA466A2B1D33AF006A0D5E /* Build configuration list for PBXNativeTarget "SwiftThinking" */;
			buildPhases = (
				6FEA46422B1D33AE006A0D5E /* Sources */,
				6FEA46432B1D33AE006A0D5E /* Frameworks */,
				6FEA46442B1D33AE006A0D5E /* Resources */,
			);
			buildRules = (
			);
			dependencies = (
			);
			name = SwiftThinking;
			productName = SwiftThinking;
			productReference = 6FEA46462B1D33AE006A0D5E /* SwiftThinking.app */;
			productType = "com.apple.product-type.application";
		};
		6FEA46552B1D33AF006A0D5E /* SwiftThinkingTests */ = {
			isa = PBXNativeTarget;
			buildConfigurationList = 6FEA466D2B1D33AF006A0D5E /* Build configuration list for PBXNativeTarget "SwiftThinkingTests" */;
			buildPhases = (
				6FEA46522B1D33AF006A0D5E /* Sources */,
				6FEA46532B1D33AF006A0D5E /* Frameworks */,
				6FEA46542B1D33AF006A0D5E /* Resources */,
			);
			buildRules = (
			);
			dependencies = (
				6FEA46582B1D33AF006A0D5E /* PBXTargetDependency */,
			);
			name = SwiftThinkingTests;
			productName = SwiftThinkingTests;
			productReference = 6FEA46562B1D33AF006A0D5E /* SwiftThinkingTests.xctest */;
			productType = "com.apple.product-type.bundle.unit-test";
		};
		6FEA465F2B1D33AF006A0D5E /* SwiftThinkingUITests */ = {
			isa = PBXNativeTarget;
			buildConfigurationList = 6FEA46702B1D33AF006A0D5E /* Build configuration list for PBXNativeTarget "SwiftThinkingUITests" */;
			buildPhases = (
				6FEA465C2B1D33AF006A0D5E /* Sources */,
				6FEA465D2B1D33AF006A0D5E /* Frameworks */,
				6FEA465E2B1D33AF006A0D5E /* Resources */,
			);
			buildRules = (
			);
			dependencies = (
				6FEA46622B1D33AF006A0D5E /* PBXTargetDependency */,
			);
			name = SwiftThinkingUITests;
			productName = SwiftThinkingUITests;
			productReference = 6FEA46602B1D33AF006A0D5E /* SwiftThinkingUITests.xctest */;
			productType = "com.apple.product-type.bundle.ui-testing";
		};
/* End PBXNativeTarget section */

/* Begin PBXProject section */
		6FEA463E2B1D33AE006A0D5E /* Project object */ = {
			isa = PBXProject;
			attributes = {
				BuildIndependentTargetsInParallel = 1;
				LastSwiftUpdateCheck = 1500;
				LastUpgradeCheck = 1500;
				TargetAttributes = {
					6FEA46452B1D33AE006A0D5E = {
						CreatedOnToolsVersion = 15.0.1;
					};
					6FEA46552B1D33AF006A0D5E = {
						CreatedOnToolsVersion = 15.0.1;
						TestTargetID = 6FEA46452B1D33AE006A0D5E;
					};
					6FEA465F2B1D33AF006A0D5E = {
						CreatedOnToolsVersion = 15.0.1;
						TestTargetID = 6FEA46452B1D33AE006A0D5E;
					};
				};
			};
			buildConfigurationList = 6FEA46412B1D33AE006A0D5E /* Build configuration list for PBXProject "SwiftThinking" */;
			compatibilityVersion = "Xcode 14.0";
			developmentRegion = en;
			hasScannedForEncodings = 0;
			knownRegions = (
				en,
				Base,
			);
			mainGroup = 6FEA463D2B1D33AE006A0D5E;
			productRefGroup = 6FEA46472B1D33AE006A0D5E /* Products */;
			projectDirPath = "";
			projectRoot = "";
			targets = (
				6FEA46452B1D33AE006A0D5E /* SwiftThinking */,
				6FEA46552B1D33AF006A0D5E /* SwiftThinkingTests */,
				6FEA465F2B1D33AF006A0D5E /* SwiftThinkingUITests */,
			);
		};
/* End PBXProject section */

/* Begin PBXResourcesBuildPhase section */
		6FEA46442B1D33AE006A0D5E /* Resources */ = {
			isa = PBXResourcesBuildPhase;
			buildActionMask = 2147483647;
			files = (
				6FEA46512B1D33AF006A0D5E /* Preview Assets.xcassets in Resources */,
				6FEA464E2B1D33AF006A0D5E /* Assets.xcassets in Resources */,
			);
			runOnlyForDeploymentPostprocessing = 0;
		};
		6FEA46542B1D33AF006A0D5E /* Resources */ = {
			isa = PBXResourcesBuildPhase;
			buildActionMask = 2147483647;
			files = (
			);
			runOnlyForDeploymentPostprocessing = 0;
		};
		6FEA465E2B1D33AF006A0D5E /* Resources */ = {
			isa = PBXResourcesBuildPhase;
			buildActionMask = 2147483647;
			files = (
			);
			runOnlyForDeploymentPostprocessing = 0;
		};
/* End PBXResourcesBuildPhase section */

/* Begin PBXSourcesBuildPhase section */
		6FEA46422B1D33AE006A0D5E /* Sources */ = {
			isa = PBXSourcesBuildPhase;
			buildActionMask = 2147483647;
			files = (
				6FEA464C2B1D33AE006A0D5E /* ContentView.swift in Sources */,
				6FEA46772B1D3913006A0D5E /* KeypathsBootcamp.swift in Sources */,
				6FEA464A2B1D33AE006A0D5E /* SwiftThinkingApp.swift in Sources */,
				6FEA467A2B1D4138006A0D5E /* PropertyWrapperBootcamp.swift in Sources */,
			);
			runOnlyForDeploymentPostprocessing = 0;
		};
		6FEA46522B1D33AF006A0D5E /* Sources */ = {
			isa = PBXSourcesBuildPhase;
			buildActionMask = 2147483647;
			files = (
				6FEA465B2B1D33AF006A0D5E /* SwiftThinkingTests.swift in Sources */,
			);
			runOnlyForDeploymentPostprocessing = 0;
		};
		6FEA465C2B1D33AF006A0D5E /* Sources */ = {
			isa = PBXSourcesBuildPhase;
			buildActionMask = 2147483647;
			files = (
				6FEA46672B1D33AF006A0D5E /* SwiftThinkingUITestsLaunchTests.swift in Sources */,
				6FEA46652B1D33AF006A0D5E /* SwiftThinkingUITests.swift in Sources */,
			);
			runOnlyForDeploymentPostprocessing = 0;
		};
/* End PBXSourcesBuildPhase section */

/* Begin PBXTargetDependency section */
		6FEA46582B1D33AF006A0D5E /* PBXTargetDependency */ = {
			isa = PBXTargetDependency;
			target = 6FEA46452B1D33AE006A0D5E /* SwiftThinking */;
			targetProxy = 6FEA46572B1D33AF006A0D5E /* PBXContainerItemProxy */;
		};
		6FEA46622B1D33AF006A0D5E /* PBXTargetDependency */ = {
			isa = PBXTargetDependency;
			target = 6FEA46452B1D33AE006A0D5E /* SwiftThinking */;
			targetProxy = 6FEA46612B1D33AF006A0D5E /* PBXContainerItemProxy */;
		};
/* End PBXTargetDependency section */

/* Begin XCBuildConfiguration section */
		6FEA46682B1D33AF006A0D5E /* Debug */ = {
			isa = XCBuildConfiguration;
			buildSettings = {
				ALWAYS_SEARCH_USER_PATHS = NO;
				ASSETCATALOG_COMPILER_GENERATE_SWIFT_ASSET_SYMBOL_EXTENSIONS = YES;
				CLANG_ANALYZER_NONNULL = YES;
				CLANG_ANALYZER_NUMBER_OBJECT_CONVERSION = YES_AGGRESSIVE;
				CLANG_CXX_LANGUAGE_STANDARD = "gnu++20";
				CLANG_ENABLE_MODULES = YES;
				CLANG_ENABLE_OBJC_ARC = YES;
				CLANG_ENABLE_OBJC_WEAK = YES;
				CLANG_WARN_BLOCK_CAPTURE_AUTORELEASING = YES;
				CLANG_WARN_BOOL_CONVERSION = YES;
				CLANG_WARN_COMMA = YES;
				CLANG_WARN_CONSTANT_CONVERSION = YES;
				CLANG_WARN_DEPRECATED_OBJC_IMPLEMENTATIONS = YES;
				CLANG_WARN_DIRECT_OBJC_ISA_USAGE = YES_ERROR;
				CLANG_WARN_DOCUMENTATION_COMMENTS = YES;
				CLANG_WARN_EMPTY_BODY = YES;
				CLANG_WARN_ENUM_CONVERSION = YES;
				CLANG_WARN_INFINITE_RECURSION = YES;
				CLANG_WARN_INT_CONVERSION = YES;
				CLANG_WARN_NON_LITERAL_NULL_CONVERSION = YES;
				CLANG_WARN_OBJC_IMPLICIT_RETAIN_SELF = YES;
				CLANG_WARN_OBJC_LITERAL_CONVERSION = YES;
				CLANG_WARN_OBJC_ROOT_CLASS = YES_ERROR;
				CLANG_WARN_QUOTED_INCLUDE_IN_FRAMEWORK_HEADER = YES;
				CLANG_WARN_RANGE_LOOP_ANALYSIS = YES;
				CLANG_WARN_STRICT_PROTOTYPES = YES;
				CLANG_WARN_SUSPICIOUS_MOVE = YES;
				CLANG_WARN_UNGUARDED_AVAILABILITY = YES_AGGRESSIVE;
				CLANG_WARN_UNREACHABLE_CODE = YES;
				CLANG_WARN__DUPLICATE_METHOD_MATCH = YES;
				COPY_PHASE_STRIP = NO;
				DEBUG_INFORMATION_FORMAT = dwarf;
				ENABLE_STRICT_OBJC_MSGSEND = YES;
				ENABLE_TESTABILITY = YES;
				ENABLE_USER_SCRIPT_SANDBOXING = YES;
				GCC_C_LANGUAGE_STANDARD = gnu17;
				GCC_DYNAMIC_NO_PIC = NO;
				GCC_NO_COMMON_BLOCKS = YES;
				GCC_OPTIMIZATION_LEVEL = 0;
				GCC_PREPROCESSOR_DEFINITIONS = (
					"DEBUG=1",
					"$(inherited)",
				);
				GCC_WARN_64_TO_32_BIT_CONVERSION = YES;
				GCC_WARN_ABOUT_RETURN_TYPE = YES_ERROR;
				GCC_WARN_UNDECLARED_SELECTOR = YES;
				GCC_WARN_UNINITIALIZED_AUTOS = YES_AGGRESSIVE;
				GCC_WARN_UNUSED_FUNCTION = YES;
				GCC_WARN_UNUSED_VARIABLE = YES;
				IPHONEOS_DEPLOYMENT_TARGET = 17.0;
				LOCALIZATION_PREFERS_STRING_CATALOGS = YES;
				MTL_ENABLE_DEBUG_INFO = INCLUDE_SOURCE;
				MTL_FAST_MATH = YES;
				ONLY_ACTIVE_ARCH = YES;
				SDKROOT = iphoneos;
				SWIFT_ACTIVE_COMPILATION_CONDITIONS = "DEBUG $(inherited)";
				SWIFT_OPTIMIZATION_LEVEL = "-Onone";
			};
			name = Debug;
		};
		6FEA46692B1D33AF006A0D5E /* Release */ = {
			isa = XCBuildConfiguration;
			buildSettings = {
				ALWAYS_SEARCH_USER_PATHS = NO;
				ASSETCATALOG_COMPILER_GENERATE_SWIFT_ASSET_SYMBOL_EXTENSIONS = YES;
				CLANG_ANALYZER_NONNULL = YES;
				CLANG_ANALYZER_NUMBER_OBJECT_CONVERSION = YES_AGGRESSIVE;
				CLANG_CXX_LANGUAGE_STANDARD = "gnu++20";
				CLANG_ENABLE_MODULES = YES;
				CLANG_ENABLE_OBJC_ARC = YES;
				CLANG_ENABLE_OBJC_WEAK = YES;
				CLANG_WARN_BLOCK_CAPTURE_AUTORELEASING = YES;
				CLANG_WARN_BOOL_CONVERSION = YES;
				CLANG_WARN_COMMA = YES;
				CLANG_WARN_CONSTANT_CONVERSION = YES;
				CLANG_WARN_DEPRECATED_OBJC_IMPLEMENTATIONS = YES;
				CLANG_WARN_DIRECT_OBJC_ISA_USAGE = YES_ERROR;
				CLANG_WARN_DOCUMENTATION_COMMENTS = YES;
				CLANG_WARN_EMPTY_BODY = YES;
				CLANG_WARN_ENUM_CONVERSION = YES;
				CLANG_WARN_INFINITE_RECURSION = YES;
				CLANG_WARN_INT_CONVERSION = YES;
				CLANG_WARN_NON_LITERAL_NULL_CONVERSION = YES;
				CLANG_WARN_OBJC_IMPLICIT_RETAIN_SELF = YES;
				CLANG_WARN_OBJC_LITERAL_CONVERSION = YES;
				CLANG_WARN_OBJC_ROOT_CLASS = YES_ERROR;
				CLANG_WARN_QUOTED_INCLUDE_IN_FRAMEWORK_HEADER = YES;
				CLANG_WARN_RANGE_LOOP_ANALYSIS = YES;
				CLANG_WARN_STRICT_PROTOTYPES = YES;
				CLANG_WARN_SUSPICIOUS_MOVE = YES;
				CLANG_WARN_UNGUARDED_AVAILABILITY = YES_AGGRESSIVE;
				CLANG_WARN_UNREACHABLE_CODE = YES;
				CLANG_WARN__DUPLICATE_METHOD_MATCH = YES;
				COPY_PHASE_STRIP = NO;
				DEBUG_INFORMATION_FORMAT = "dwarf-with-dsym";
				ENABLE_NS_ASSERTIONS = NO;
				ENABLE_STRICT_OBJC_MSGSEND = YES;
				ENABLE_USER_SCRIPT_SANDBOXING = YES;
				GCC_C_LANGUAGE_STANDARD = gnu17;
				GCC_NO_COMMON_BLOCKS = YES;
				GCC_WARN_64_TO_32_BIT_CONVERSION = YES;
				GCC_WARN_ABOUT_RETURN_TYPE = YES_ERROR;
				GCC_WARN_UNDECLARED_SELECTOR = YES;
				GCC_WARN_UNINITIALIZED_AUTOS = YES_AGGRESSIVE;
				GCC_WARN_UNUSED_FUNCTION = YES;
				GCC_WARN_UNUSED_VARIABLE = YES;
				IPHONEOS_DEPLOYMENT_TARGET = 17.0;
				LOCALIZATION_PREFERS_STRING_CATALOGS = YES;
				MTL_ENABLE_DEBUG_INFO = NO;
				MTL_FAST_MATH = YES;
				SDKROOT = iphoneos;
				SWIFT_COMPILATION_MODE = wholemodule;
				VALIDATE_PRODUCT = YES;
			};
			name = Release;
		};
		6FEA466B2B1D33AF006A0D5E /* Debug */ = {
			isa = XCBuildConfiguration;
			buildSettings = {
				ASSETCATALOG_COMPILER_APPICON_NAME = AppIcon;
				ASSETCATALOG_COMPILER_GLOBAL_ACCENT_COLOR_NAME = AccentColor;
				CODE_SIGN_STYLE = Automatic;
				CURRENT_PROJECT_VERSION = 1;
				DEVELOPMENT_ASSET_PATHS = "\"SwiftThinking/Preview Content\"";
				ENABLE_PREVIEWS = YES;
				GENERATE_INFOPLIST_FILE = YES;
				INFOPLIST_KEY_UIApplicationSceneManifest_Generation = YES;
				INFOPLIST_KEY_UIApplicationSupportsIndirectInputEvents = YES;
				INFOPLIST_KEY_UILaunchScreen_Generation = YES;
				INFOPLIST_KEY_UISupportedInterfaceOrientations_iPad = "UIInterfaceOrientationPortrait UIInterfaceOrientationPortraitUpsideDown UIInterfaceOrientationLandscapeLeft UIInterfaceOrientationLandscapeRight";
				INFOPLIST_KEY_UISupportedInterfaceOrientations_iPhone = "UIInterfaceOrientationPortrait UIInterfaceOrientationLandscapeLeft UIInterfaceOrientationLandscapeRight";
				LD_RUNPATH_SEARCH_PATHS = (
					"$(inherited)",
					"@executable_path/Frameworks",
				);
				MARKETING_VERSION = 1.0;
				PRODUCT_BUNDLE_IDENTIFIER = com.cdts.SwiftThinking;
				PRODUCT_NAME = "$(TARGET_NAME)";
				SWIFT_EMIT_LOC_STRINGS = YES;
				SWIFT_VERSION = 5.0;
				TARGETED_DEVICE_FAMILY = "1,2";
			};
			name = Debug;
		};
		6FEA466C2B1D33AF006A0D5E /* Release */ = {
			isa = XCBuildConfiguration;
			buildSettings = {
				ASSETCATALOG_COMPILER_APPICON_NAME = AppIcon;
				ASSETCATALOG_COMPILER_GLOBAL_ACCENT_COLOR_NAME = AccentColor;
				CODE_SIGN_STYLE = Automatic;
				CURRENT_PROJECT_VERSION = 1;
				DEVELOPMENT_ASSET_PATHS = "\"SwiftThinking/Preview Content\"";
				ENABLE_PREVIEWS = YES;
				GENERATE_INFOPLIST_FILE = YES;
				INFOPLIST_KEY_UIApplicationSceneManifest_Generation = YES;
				INFOPLIST_KEY_UIApplicationSupportsIndirectInputEvents = YES;
				INFOPLIST_KEY_UILaunchScreen_Generation = YES;
				INFOPLIST_KEY_UISupportedInterfaceOrientations_iPad = "UIInterfaceOrientationPortrait UIInterfaceOrientationPortraitUpsideDown UIInterfaceOrientationLandscapeLeft UIInterfaceOrientationLandscapeRight";
				INFOPLIST_KEY_UISupportedInterfaceOrientations_iPhone = "UIInterfaceOrientationPortrait UIInterfaceOrientationLandscapeLeft UIInterfaceOrientationLandscapeRight";
				LD_RUNPATH_SEARCH_PATHS = (
					"$(inherited)",
					"@executable_path/Frameworks",
				);
				MARKETING_VERSION = 1.0;
				PRODUCT_BUNDLE_IDENTIFIER = com.cdts.SwiftThinking;
				PRODUCT_NAME = "$(TARGET_NAME)";
				SWIFT_EMIT_LOC_STRINGS = YES;
				SWIFT_VERSION = 5.0;
				TARGETED_DEVICE_FAMILY = "1,2";
			};
			name = Release;
		};
		6FEA466E2B1D33AF006A0D5E /* Debug */ = {
			isa = XCBuildConfiguration;
			buildSettings = {
				ALWAYS_EMBED_SWIFT_STANDARD_LIBRARIES = YES;
				BUNDLE_LOADER = "$(TEST_HOST)";
				CODE_SIGN_STYLE = Automatic;
				CURRENT_PROJECT_VERSION = 1;
				GENERATE_INFOPLIST_FILE = YES;
				IPHONEOS_DEPLOYMENT_TARGET = 17.0;
				MARKETING_VERSION = 1.0;
				PRODUCT_BUNDLE_IDENTIFIER = com.cdts.SwiftThinkingTests;
				PRODUCT_NAME = "$(TARGET_NAME)";
				SWIFT_EMIT_LOC_STRINGS = NO;
				SWIFT_VERSION = 5.0;
				TARGETED_DEVICE_FAMILY = "1,2";
				TEST_HOST = "$(BUILT_PRODUCTS_DIR)/SwiftThinking.app/$(BUNDLE_EXECUTABLE_FOLDER_PATH)/SwiftThinking";
			};
			name = Debug;
		};
		6FEA466F2B1D33AF006A0D5E /* Release */ = {
			isa = XCBuildConfiguration;
			buildSettings = {
				ALWAYS_EMBED_SWIFT_STANDARD_LIBRARIES = YES;
				BUNDLE_LOADER = "$(TEST_HOST)";
				CODE_SIGN_STYLE = Automatic;
				CURRENT_PROJECT_VERSION = 1;
				GENERATE_INFOPLIST_FILE = YES;
				IPHONEOS_DEPLOYMENT_TARGET = 17.0;
				MARKETING_VERSION = 1.0;
				PRODUCT_BUNDLE_IDENTIFIER = com.cdts.SwiftThinkingTests;
				PRODUCT_NAME = "$(TARGET_NAME)";
				SWIFT_EMIT_LOC_STRINGS = NO;
				SWIFT_VERSION = 5.0;
				TARGETED_DEVICE_FAMILY = "1,2";
				TEST_HOST = "$(BUILT_PRODUCTS_DIR)/SwiftThinking.app/$(BUNDLE_EXECUTABLE_FOLDER_PATH)/SwiftThinking";
			};
			name = Release;
		};
		6FEA46712B1D33AF006A0D5E /* Debug */ = {
			isa = XCBuildConfiguration;
			buildSettings = {
				ALWAYS_EMBED_SWIFT_STANDARD_LIBRARIES = YES;
				CODE_SIGN_STYLE = Automatic;
				CURRENT_PROJECT_VERSION = 1;
				GENERATE_INFOPLIST_FILE = YES;
				MARKETING_VERSION = 1.0;
				PRODUCT_BUNDLE_IDENTIFIER = com.cdts.SwiftThinkingUITests;
				PRODUCT_NAME = "$(TARGET_NAME)";
				SWIFT_EMIT_LOC_STRINGS = NO;
				SWIFT_VERSION = 5.0;
				TARGETED_DEVICE_FAMILY = "1,2";
				TEST_TARGET_NAME = SwiftThinking;
			};
			name = Debug;
		};
		6FEA46722B1D33AF006A0D5E /* Release */ = {
			isa = XCBuildConfiguration;
			buildSettings = {
				ALWAYS_EMBED_SWIFT_STANDARD_LIBRARIES = YES;
				CODE_SIGN_STYLE = Automatic;
				CURRENT_PROJECT_VERSION = 1;
				GENERATE_INFOPLIST_FILE = YES;
				MARKETING_VERSION = 1.0;
				PRODUCT_BUNDLE_IDENTIFIER = com.cdts.SwiftThinkingUITests;
				PRODUCT_NAME = "$(TARGET_NAME)";
				SWIFT_EMIT_LOC_STRINGS = NO;
				SWIFT_VERSION = 5.0;
				TARGETED_DEVICE_FAMILY = "1,2";
				TEST_TARGET_NAME = SwiftThinking;
			};
			name = Release;
		};
/* End XCBuildConfiguration section */

/* Begin XCConfigurationList section */
		6FEA46412B1D33AE006A0D5E /* Build configuration list for PBXProject "SwiftThinking" */ = {
			isa = XCConfigurationList;
			buildConfigurations = (
				6FEA46682B1D33AF006A0D5E /* Debug */,
				6FEA46692B1D33AF006A0D5E /* Release */,
			);
			defaultConfigurationIsVisible = 0;
			defaultConfigurationName = Release;
		};
		6FEA466A2B1D33AF006A0D5E /* Build configuration list for PBXNativeTarget "SwiftThinking" */ = {
			isa = XCConfigurationList;
			buildConfigurations = (
				6FEA466B2B1D33AF006A0D5E /* Debug */,
				6FEA466C2B1D33AF006A0D5E /* Release */,
			);
			defaultConfigurationIsVisible = 0;
			defaultConfigurationName = Release;
		};
		6FEA466D2B1D33AF006A0D5E /* Build configuration list for PBXNativeTarget "SwiftThinkingTests" */ = {
			isa = XCConfigurationList;
			buildConfigurations = (
				6FEA466E2B1D33AF006A0D5E /* Debug */,
				6FEA466F2B1D33AF006A0D5E /* Release */,
			);
			defaultConfigurationIsVisible = 0;
			defaultConfigurationName = Release;
		};
		6FEA46702B1D33AF006A0D5E /* Build configuration list for PBXNativeTarget "SwiftThinkingUITests" */ = {
			isa = XCConfigurationList;
			buildConfigurations = (
				6FEA46712B1D33AF006A0D5E /* Debug */,
				6FEA46722B1D33AF006A0D5E /* Release */,
			);
			defaultConfigurationIsVisible = 0;
			defaultConfigurationName = Release;
		};
/* End XCConfigurationList section */
	};
	rootObject = 6FEA463E2B1D33AE006A0D5E /* Project object */;
}
